
Microsoft Visual Studio Solution File, Format Version 12.00
# Visual Studio Version 17
VisualStudioVersion = 17.2.32616.157
MinimumVisualStudioVersion = 10.0.40219.1
Project("{9A19103F-16F7-4668-BE54-9A1E7A4F7556}") = "MineSweeper", "MineSweeper\MineSweeper.csproj", "{17C9486C-29F5-4F7E-B274-3C7078FF8B76}"
EndProject
Global
	GlobalSection(SolutionConfigurationPlatforms) = preSolution
		Debug|Any CPU = Debug|Any CPU
		Release|Any CPU = Release|Any CPU
	EndGlobalSection
	GlobalSection(ProjectConfigurationPlatforms) = postSolution
		{17C9486C-29F5-4F7E-B274-3C7078FF8B76}.Debug|Any CPU.ActiveCfg = Debug|Any CPU
		{17C9486C-29F5-4F7E-B274-3C7078FF8B76}.Debug|Any CPU.Build.0 = Debug|Any CPU
		{17C9486C-29F5-4F7E-B274-3C7078FF8B76}.Release|Any CPU.ActiveCfg = Release|Any CPU
		{17C9486C-29F5-4F7E-B274-3C7078FF8B76}.Release|Any CPU.Build.0 = Release|Any CPU
	EndGlobalSection
	GlobalSection(SolutionProperties) = preSolution
		HideSolutionNode = FALSE
	EndGlobalSection
	GlobalSection(ExtensibilityGlobals) = postSolution
		SolutionGuid = {1FA8C53E-E094-43C7-80E7-C8B24BD1A7F3}
	EndGlobalSection
EndGlobal
